
Microsoft Visual Studio Solution File, Format Version 12.00
# Visual Studio Version 17
VisualStudioVersion = 17.14.36518.9 d17.14
MinimumVisualStudioVersion = 10.0.40219.1
Project("{FAE04EC0-301F-11D3-BF4B-00C04F79EFBC}") = "GestaoDeContasPRO", "GestaoDeContasPRO\GestaoDeContasPRO.csproj", "{92A6E534-8E68-4261-92C2-0F91911568BC}"
EndProject
Global
	GlobalSection(SolutionConfigurationPlatforms) = preSolution
		Debug|Any CPU = Debug|Any CPU
		Release|Any CPU = Release|Any CPU
	EndGlobalSection
	GlobalSection(ProjectConfigurationPlatforms) = postSolution
		{92A6E534-8E68-4261-92C2-0F91911568BC}.Debug|Any CPU.ActiveCfg = Debug|Any CPU
		{92A6E534-8E68-4261-92C2-0F91911568BC}.Debug|Any CPU.Build.0 = Debug|Any CPU
		{92A6E534-8E68-4261-92C2-0F91911568BC}.Release|Any CPU.ActiveCfg = Release|Any CPU
		{92A6E534-8E68-4261-92C2-0F91911568BC}.Release|Any CPU.Build.0 = Release|Any CPU
	EndGlobalSection
	GlobalSection(SolutionProperties) = preSolution
		HideSolutionNode = FALSE
	EndGlobalSection
	GlobalSection(ExtensibilityGlobals) = postSolution
		SolutionGuid = {E7964809-5652-4178-9CDF-64A24C17E473}
	EndGlobalSection
EndGlobal
